
Microsoft Visual Studio Solution File, Format Version 12.00
# Visual Studio Version 16
VisualStudioVersion = 16.0.29519.181
MinimumVisualStudioVersion = 10.0.40219.1
Project("{FAE04EC0-301F-11D3-BF4B-00C04F79EFBC}") = "Eler", "Eler.csproj", "{853470C1-A165-4013-A19B-202FE5B67DBD}"
EndProject
Global
	GlobalSection(SolutionConfigurationPlatforms) = preSolution
		Debug|Any CPU = Debug|Any CPU
		Release|Any CPU = Release|Any CPU
	EndGlobalSection
	GlobalSection(ProjectConfigurationPlatforms) = postSolution
		{853470C1-A165-4013-A19B-202FE5B67DBD}.Debug|Any CPU.ActiveCfg = Debug|Any CPU
		{853470C1-A165-4013-A19B-202FE5B67DBD}.Debug|Any CPU.Build.0 = Debug|Any CPU
		{853470C1-A165-4013-A19B-202FE5B67DBD}.Release|Any CPU.ActiveCfg = Release|Any CPU
		{853470C1-A165-4013-A19B-202FE5B67DBD}.Release|Any CPU.Build.0 = Release|Any CPU
	EndGlobalSection
	GlobalSection(SolutionProperties) = preSolution
		HideSolutionNode = FALSE
	EndGlobalSection
	GlobalSection(ExtensibilityGlobals) = postSolution
		SolutionGuid = {C37523CE-89B8-40B7-BC2E-60635B058E4B}
	EndGlobalSection
EndGlobal
